// !$*UTF8*$!
{
	archiveVersion = 1;
	classes = {
	};
	objectVersion = 77;
	objects = {

/* Begin PBXBuildFile section */
		2000E5A02F458D2D0074C7C6 /* CleverTapLocation in Frameworks */ = {isa = PBXBuildFile; productRef = 2000E59F2F458D2D0074C7C6 /* CleverTapLocation */; };
		2000E5A22F458D2D0074C7C6 /* CleverTapSDK in Frameworks */ = {isa = PBXBuildFile; productRef = 2000E5A12F458D2D0074C7C6 /* CleverTapSDK */; };
		2000E5A52F458DA70074C7C6 /* FirebaseAI in Frameworks */ = {isa = PBXBuildFile; productRef = 2000E5A42F458DA70074C7C6 /* FirebaseAI */; };
		2000E5A72F458DA70074C7C6 /* FirebaseAILogic in Frameworks */ = {isa = PBXBuildFile; productRef = 2000E5A62F458DA70074C7C6 /* FirebaseAILogic */; };
		2000E5A92F458DA70074C7C6 /* FirebaseAnalytics in Frameworks */ = {isa = PBXBuildFile; productRef = 2000E5A82F458DA70074C7C6 /* FirebaseAnalytics */; };
		2000E5AB2F458DA70074C7C6 /* FirebaseAnalyticsCore in Frameworks */ = {isa = PBXBuildFile; productRef = 2000E5AA2F458DA70074C7C6 /* FirebaseAnalyticsCore */; };
		2000E5AD2F458DA70074C7C6 /* FirebaseAnalyticsIdentitySupport in Frameworks */ = {isa = PBXBuildFile; productRef = 2000E5AC2F458DA70074C7C6 /* FirebaseAnalyticsIdentitySupport */; };
		2000E5AF2F458DA70074C7C6 /* FirebaseAppCheck in Frameworks */ = {isa = PBXBuildFile; productRef = 2000E5AE2F458DA70074C7C6 /* FirebaseAppCheck */; };
		2000E5B12F458DA70074C7C6 /* FirebaseAppDistribution-Beta in Frameworks */ = {isa = PBXBuildFile; productRef = 2000E5B02F458DA70074C7C6 /* FirebaseAppDistribution-Beta */; };
		2000E5B32F458DA70074C7C6 /* FirebaseAuth in Frameworks */ = {isa = PBXBuildFile; productRef = 2000E5B22F458DA70074C7C6 /* FirebaseAuth */; };
		2000E5B52F458DA70074C7C6 /* FirebaseAuthCombine-Community in Frameworks */ = {isa = PBXBuildFile; productRef = 2000E5B42F458DA70074C7C6 /* FirebaseAuthCombine-Community */; };
		2000E5B72F458DA70074C7C6 /* FirebaseCore in Frameworks */ = {isa = PBXBuildFile; productRef = 2000E5B62F458DA70074C7C6 /* FirebaseCore */; };
		2000E5B92F458DA70074C7C6 /* FirebaseCrashlytics in Frameworks */ = {isa = PBXBuildFile; productRef = 2000E5B82F458DA70074C7C6 /* FirebaseCrashlytics */; };
		2000E5BB2F458DA70074C7C6 /* FirebaseDatabase in Frameworks */ = {isa = PBXBuildFile; productRef = 2000E5BA2F458DA70074C7C6 /* FirebaseDatabase */; };
		2000E5BD2F458DA70074C7C6 /* FirebaseFirestore in Frameworks */ = {isa = PBXBuildFile; productRef = 2000E5BC2F458DA70074C7C6 /* FirebaseFirestore */; };
		2000E5BF2F458DA70074C7C6 /* FirebaseFirestoreCombine-Community in Frameworks */ = {isa = PBXBuildFile; productRef = 2000E5BE2F458DA70074C7C6 /* FirebaseFirestoreCombine-Community */; };
		2000E5C12F458DA70074C7C6 /* FirebaseFunctions in Frameworks */ = {isa = PBXBuildFile; productRef = 2000E5C02F458DA70074C7C6 /* FirebaseFunctions */; };
		2000E5C32F458DA70074C7C6 /* FirebaseFunctionsCombine-Community in Frameworks */ = {isa = PBXBuildFile; productRef = 2000E5C22F458DA70074C7C6 /* FirebaseFunctionsCombine-Community */; };
		2000E5C52F458DA70074C7C6 /* FirebaseInAppMessaging-Beta in Frameworks */ = {isa = PBXBuildFile; productRef = 2000E5C42F458DA70074C7C6 /* FirebaseInAppMessaging-Beta */; };
		2000E5C72F458DA70074C7C6 /* FirebaseInstallations in Frameworks */ = {isa = PBXBuildFile; productRef = 2000E5C62F458DA70074C7C6 /* FirebaseInstallations */; };
		2000E5C92F458DA70074C7C6 /* FirebaseMessaging in Frameworks */ = {isa = PBXBuildFile; productRef = 2000E5C82F458DA70074C7C6 /* FirebaseMessaging */; };
		2000E5CB2F458DA70074C7C6 /* FirebasePerformance in Frameworks */ = {isa = PBXBuildFile; productRef = 2000E5CA2F458DA70074C7C6 /* FirebasePerformance */; };
		2000E5CD2F458DA70074C7C6 /* FirebaseRemoteConfig in Frameworks */ = {isa = PBXBuildFile; productRef = 2000E5CC2F458DA70074C7C6 /* FirebaseRemoteConfig */; };
		2000E5CF2F458DA70074C7C6 /* FirebaseStorage in Frameworks */ = {isa = PBXBuildFile; productRef = 2000E5CE2F458DA70074C7C6 /* FirebaseStorage */; };
		2000E5D12F458DA70074C7C6 /* FirebaseStorageCombine-Community in Frameworks */ = {isa = PBXBuildFile; productRef = 2000E5D02F458DA70074C7C6 /* FirebaseStorageCombine-Community */; };
		2006C49E2F5818B700F0C7E9 /* CleverTapSDK in Frameworks */ = {isa = PBXBuildFile; productRef = 2006C49D2F5818B700F0C7E9 /* CleverTapSDK */; };
		206760412F59E49F00370802 /* README.md in Resources */ = {isa = PBXBuildFile; fileRef = 206760402F59E49F00370802 /* README.md */; };
		206B49432F5804D200698C0E /* Clevertap NSE.appex in Embed Foundation Extensions */ = {isa = PBXBuildFile; fileRef = 206B493C2F5804D200698C0E /* Clevertap NSE.appex */; settings = {ATTRIBUTES = (RemoveHeadersOnCopy, ); }; };
		206B494D2F5804FE00698C0E /* UserNotifications.framework in Frameworks */ = {isa = PBXBuildFile; fileRef = 20B0772C2F5709D6009490B3 /* UserNotifications.framework */; };
		206B494E2F5804FE00698C0E /* UserNotificationsUI.framework in Frameworks */ = {isa = PBXBuildFile; fileRef = 20B0772E2F5709D6009490B3 /* UserNotificationsUI.framework */; };
		206B49582F5804FE00698C0E /* Clevertap NCE.appex in Embed Foundation Extensions */ = {isa = PBXBuildFile; fileRef = 206B494C2F5804FE00698C0E /* Clevertap NCE.appex */; settings = {ATTRIBUTES = (RemoveHeadersOnCopy, ); }; };
		206B495E2F58083300698C0E /* CTNotificationService in Frameworks */ = {isa = PBXBuildFile; productRef = 206B495D2F58083300698C0E /* CTNotificationService */; };
		206B49602F58083A00698C0E /* CTNotificationContent in Frameworks */ = {isa = PBXBuildFile; productRef = 206B495F2F58083A00698C0E /* CTNotificationContent */; };
		206B49622F58091100698C0E /* CTNotificationService in Frameworks */ = {isa = PBXBuildFile; productRef = 206B49612F58091100698C0E /* CTNotificationService */; };
		206B49642F58091D00698C0E /* CTNotificationContent in Frameworks */ = {isa = PBXBuildFile; productRef = 206B49632F58091D00698C0E /* CTNotificationContent */; };
		20B076BC2F56C73A009490B3 /* GoogleSignIn in Frameworks */ = {isa = PBXBuildFile; productRef = 20B076BB2F56C73A009490B3 /* GoogleSignIn */; };
		20B076BE2F56C73A009490B3 /* GoogleSignInSwift in Frameworks */ = {isa = PBXBuildFile; productRef = 20B076BD2F56C73A009490B3 /* GoogleSignInSwift */; };
/* End PBXBuildFile section */

/* Begin PBXContainerItemProxy section */
		206B49412F5804D200698C0E /* PBXContainerItemProxy */ = {
			isa = PBXContainerItemProxy;
			containerPortal = 7430774D2DCB6C85006E96F0 /* Project object */;
			proxyType = 1;
			remoteGlobalIDString = 206B493B2F5804D200698C0E;
			remoteInfo = "Clevertap NSE";
		};
		206B49562F5804FE00698C0E /* PBXContainerItemProxy */ = {
			isa = PBXContainerItemProxy;
			containerPortal = 7430774D2DCB6C85006E96F0 /* Project object */;
			proxyType = 1;
			remoteGlobalIDString = 206B494B2F5804FE00698C0E;
			remoteInfo = "Clevertap NCE";
		};
/* End PBXContainerItemProxy section */

/* Begin PBXCopyFilesBuildPhase section */
		20B0773E2F5709D6009490B3 /* Embed Foundation Extensions */ = {
			isa = PBXCopyFilesBuildPhase;
			buildActionMask = 2147483647;
			dstPath = "";
			dstSubfolderSpec = 13;
			files = (
				206B49582F5804FE00698C0E /* Clevertap NCE.appex in Embed Foundation Extensions */,
				206B49432F5804D200698C0E /* Clevertap NSE.appex in Embed Foundation Extensions */,
			);
			name = "Embed Foundation Extensions";
			runOnlyForDeploymentPostprocessing = 0;
		};
/* End PBXCopyFilesBuildPhase section */

/* Begin PBXFileReference section */
		206760402F59E49F00370802 /* README.md */ = {isa = PBXFileReference; lastKnownFileType = net.daringfireball.markdown; path = README.md; sourceTree = "<group>"; };
		206B493C2F5804D200698C0E /* Clevertap NSE.appex */ = {isa = PBXFileReference; explicitFileType = "wrapper.app-extension"; includeInIndex = 0; path = "Clevertap NSE.appex"; sourceTree = BUILT_PRODUCTS_DIR; };
		206B494C2F5804FE00698C0E /* Clevertap NCE.appex */ = {isa = PBXFileReference; explicitFileType = "wrapper.app-extension"; includeInIndex = 0; path = "Clevertap NCE.appex"; sourceTree = BUILT_PRODUCTS_DIR; };
		20B0772C2F5709D6009490B3 /* UserNotifications.framework */ = {isa = PBXFileReference; lastKnownFileType = wrapper.framework; name = UserNotifications.framework; path = System/Library/Frameworks/UserNotifications.framework; sourceTree = SDKROOT; };
		20B0772E2F5709D6009490B3 /* UserNotificationsUI.framework */ = {isa = PBXFileReference; lastKnownFileType = wrapper.framework; name = UserNotificationsUI.framework; path = System/Library/Frameworks/UserNotificationsUI.framework; sourceTree = SDKROOT; };
		743077552DCB6C85006E96F0 /* Clevertap Sample App.app */ = {isa = PBXFileReference; explicitFileType = wrapper.application; includeInIndex = 0; path = "Clevertap Sample App.app"; sourceTree = BUILT_PRODUCTS_DIR; };
/* End PBXFileReference section */

/* Begin PBXFileSystemSynchronizedBuildFileExceptionSet section */
		206B49442F5804D200698C0E /* Exceptions for "Clevertap NSE" folder in "Clevertap NSE" target */ = {
			isa = PBXFileSystemSynchronizedBuildFileExceptionSet;
			membershipExceptions = (
				Info.plist,
			);
			target = 206B493B2F5804D200698C0E /* Clevertap NSE */;
		};
		206B49592F5804FE00698C0E /* Exceptions for "Clevertap NCE" folder in "Clevertap NCE" target */ = {
			isa = PBXFileSystemSynchronizedBuildFileExceptionSet;
			membershipExceptions = (
				Info.plist,
			);
			target = 206B494B2F5804FE00698C0E /* Clevertap NCE */;
		};
/* End PBXFileSystemSynchronizedBuildFileExceptionSet section */

/* Begin PBXFileSystemSynchronizedRootGroup section */
		206B493D2F5804D200698C0E /* Clevertap NSE */ = {
			isa = PBXFileSystemSynchronizedRootGroup;
			exceptions = (
				206B49442F5804D200698C0E /* Exceptions for "Clevertap NSE" folder in "Clevertap NSE" target */,
			);
			path = "Clevertap NSE";
			sourceTree = "<group>";
		};
		206B494F2F5804FE00698C0E /* Clevertap NCE */ = {
			isa = PBXFileSystemSynchronizedRootGroup;
			exceptions = (
				206B49592F5804FE00698C0E /* Exceptions for "Clevertap NCE" folder in "Clevertap NCE" target */,
			);
			path = "Clevertap NCE";
			sourceTree = "<group>";
		};
		743077572DCB6C85006E96F0 /* Clevertap Sample App */ = {
			isa = PBXFileSystemSynchronizedRootGroup;
			path = "Clevertap Sample App";
			sourceTree = "<group>";
		};
/* End PBXFileSystemSynchronizedRootGroup section */

/* Begin PBXFrameworksBuildPhase section */
		206B49392F5804D200698C0E /* Frameworks */ = {
			isa = PBXFrameworksBuildPhase;
			buildActionMask = 2147483647;
			files = (
				2006C49E2F5818B700F0C7E9 /* CleverTapSDK in Frameworks */,
				206B49622F58091100698C0E /* CTNotificationService in Frameworks */,
			);
			runOnlyForDeploymentPostprocessing = 0;
		};
		206B49492F5804FE00698C0E /* Frameworks */ = {
			isa = PBXFrameworksBuildPhase;
			buildActionMask = 2147483647;
			files = (
				206B494E2F5804FE00698C0E /* UserNotificationsUI.framework in Frameworks */,
				206B49642F58091D00698C0E /* CTNotificationContent in Frameworks */,
				206B494D2F5804FE00698C0E /* UserNotifications.framework in Frameworks */,
			);
			runOnlyForDeploymentPostprocessing = 0;
		};
		743077522DCB6C85006E96F0 /* Frameworks */ = {
			isa = PBXFrameworksBuildPhase;
			buildActionMask = 2147483647;
			files = (
				206B495E2F58083300698C0E /* CTNotificationService in Frameworks */,
				2000E5CB2F458DA70074C7C6 /* FirebasePerformance in Frameworks */,
				2000E5C12F458DA70074C7C6 /* FirebaseFunctions in Frameworks */,
				2000E5AF2F458DA70074C7C6 /* FirebaseAppCheck in Frameworks */,
				20B076BC2F56C73A009490B3 /* GoogleSignIn in Frameworks */,
				2000E5B32F458DA70074C7C6 /* FirebaseAuth in Frameworks */,
				2000E5A72F458DA70074C7C6 /* FirebaseAILogic in Frameworks */,
				2000E5CF2F458DA70074C7C6 /* FirebaseStorage in Frameworks */,
				2000E5AB2F458DA70074C7C6 /* FirebaseAnalyticsCore in Frameworks */,
				206B49602F58083A00698C0E /* CTNotificationContent in Frameworks */,
				2000E5A22F458D2D0074C7C6 /* CleverTapSDK in Frameworks */,
				20B076BE2F56C73A009490B3 /* GoogleSignInSwift in Frameworks */,
				2000E5AD2F458DA70074C7C6 /* FirebaseAnalyticsIdentitySupport in Frameworks */,
				2000E5B52F458DA70074C7C6 /* FirebaseAuthCombine-Community in Frameworks */,
				2000E5A02F458D2D0074C7C6 /* CleverTapLocation in Frameworks */,
				2000E5C92F458DA70074C7C6 /* FirebaseMessaging in Frameworks */,
				2000E5BD2F458DA70074C7C6 /* FirebaseFirestore in Frameworks */,
				2000E5BF2F458DA70074C7C6 /* FirebaseFirestoreCombine-Community in Frameworks */,
				2000E5C52F458DA70074C7C6 /* FirebaseInAppMessaging-Beta in Frameworks */,
				2000E5C32F458DA70074C7C6 /* FirebaseFunctionsCombine-Community in Frameworks */,
				2000E5A92F458DA70074C7C6 /* FirebaseAnalytics in Frameworks */,
				2000E5B92F458DA70074C7C6 /* FirebaseCrashlytics in Frameworks */,
				2000E5A52F458DA70074C7C6 /* FirebaseAI in Frameworks */,
				2000E5CD2F458DA70074C7C6 /* FirebaseRemoteConfig in Frameworks */,
				2000E5B72F458DA70074C7C6 /* FirebaseCore in Frameworks */,
				2000E5BB2F458DA70074C7C6 /* FirebaseDatabase in Frameworks */,
				2000E5D12F458DA70074C7C6 /* FirebaseStorageCombine-Community in Frameworks */,
				2000E5B12F458DA70074C7C6 /* FirebaseAppDistribution-Beta in Frameworks */,
				2000E5C72F458DA70074C7C6 /* FirebaseInstallations in Frameworks */,
			);
			runOnlyForDeploymentPostprocessing = 0;
		};
/* End PBXFrameworksBuildPhase section */

/* Begin PBXGroup section */
		7430774C2DCB6C85006E96F0 = {
			isa = PBXGroup;
			children = (
				743077572DCB6C85006E96F0 /* Clevertap Sample App */,
				206B493D2F5804D200698C0E /* Clevertap NSE */,
				206B494F2F5804FE00698C0E /* Clevertap NCE */,
				7430778D2DCB71D6006E96F0 /* Frameworks */,
				743077562DCB6C85006E96F0 /* Products */,
				206760402F59E49F00370802 /* README.md */,
			);
			sourceTree = "<group>";
		};
		743077562DCB6C85006E96F0 /* Products */ = {
			isa = PBXGroup;
			children = (
				743077552DCB6C85006E96F0 /* Clevertap Sample App.app */,
				206B493C2F5804D200698C0E /* Clevertap NSE.appex */,
				206B494C2F5804FE00698C0E /* Clevertap NCE.appex */,
			);
			name = Products;
			sourceTree = "<group>";
		};
		7430778D2DCB71D6006E96F0 /* Frameworks */ = {
			isa = PBXGroup;
			children = (
				20B0772C2F5709D6009490B3 /* UserNotifications.framework */,
				20B0772E2F5709D6009490B3 /* UserNotificationsUI.framework */,
			);
			name = Frameworks;
			sourceTree = "<group>";
		};
/* End PBXGroup section */

/* Begin PBXNativeTarget section */
		206B493B2F5804D200698C0E /* Clevertap NSE */ = {
			isa = PBXNativeTarget;
			buildConfigurationList = 206B49452F5804D200698C0E /* Build configuration list for PBXNativeTarget "Clevertap NSE" */;
			buildPhases = (
				206B49382F5804D200698C0E /* Sources */,
				206B49392F5804D200698C0E /* Frameworks */,
				206B493A2F5804D200698C0E /* Resources */,
			);
			buildRules = (
			);
			dependencies = (
			);
			fileSystemSynchronizedGroups = (
				206B493D2F5804D200698C0E /* Clevertap NSE */,
			);
			name = "Clevertap NSE";
			packageProductDependencies = (
				206B49612F58091100698C0E /* CTNotificationService */,
				2006C49D2F5818B700F0C7E9 /* CleverTapSDK */,
			);
			productName = "Clevertap NSE";
			productReference = 206B493C2F5804D200698C0E /* Clevertap NSE.appex */;
			productType = "com.apple.product-type.app-extension";
		};
		206B494B2F5804FE00698C0E /* Clevertap NCE */ = {
			isa = PBXNativeTarget;
			buildConfigurationList = 206B495A2F5804FE00698C0E /* Build configuration list for PBXNativeTarget "Clevertap NCE" */;
			buildPhases = (
				206B49482F5804FE00698C0E /* Sources */,
				206B49492F5804FE00698C0E /* Frameworks */,
				206B494A2F5804FE00698C0E /* Resources */,
			);
			buildRules = (
			);
			dependencies = (
			);
			fileSystemSynchronizedGroups = (
				206B494F2F5804FE00698C0E /* Clevertap NCE */,
			);
			name = "Clevertap NCE";
			packageProductDependencies = (
				206B49632F58091D00698C0E /* CTNotificationContent */,
			);
			productName = "Clevertap NCE";
			productReference = 206B494C2F5804FE00698C0E /* Clevertap NCE.appex */;
			productType = "com.apple.product-type.app-extension";
		};
		743077542DCB6C85006E96F0 /* Clevertap Sample App */ = {
			isa = PBXNativeTarget;
			buildConfigurationList = 743077632DCB6C88006E96F0 /* Build configuration list for PBXNativeTarget "Clevertap Sample App" */;
			buildPhases = (
				743077512DCB6C85006E96F0 /* Sources */,
				743077522DCB6C85006E96F0 /* Frameworks */,
				743077532DCB6C85006E96F0 /* Resources */,
				20B0773E2F5709D6009490B3 /* Embed Foundation Extensions */,
			);
			buildRules = (
			);
			dependencies = (
				206B49422F5804D200698C0E /* PBXTargetDependency */,
				206B49572F5804FE00698C0E /* PBXTargetDependency */,
			);
			fileSystemSynchronizedGroups = (
				743077572DCB6C85006E96F0 /* Clevertap Sample App */,
			);
			name = "Clevertap Sample App";
			packageProductDependencies = (
				2000E59F2F458D2D0074C7C6 /* CleverTapLocation */,
				2000E5A12F458D2D0074C7C6 /* CleverTapSDK */,
				2000E5A42F458DA70074C7C6 /* FirebaseAI */,
				2000E5A62F458DA70074C7C6 /* FirebaseAILogic */,
				2000E5A82F458DA70074C7C6 /* FirebaseAnalytics */,
				2000E5AA2F458DA70074C7C6 /* FirebaseAnalyticsCore */,
				2000E5AC2F458DA70074C7C6 /* FirebaseAnalyticsIdentitySupport */,
				2000E5AE2F458DA70074C7C6 /* FirebaseAppCheck */,
				2000E5B02F458DA70074C7C6 /* FirebaseAppDistribution-Beta */,
				2000E5B22F458DA70074C7C6 /* FirebaseAuth */,
				2000E5B42F458DA70074C7C6 /* FirebaseAuthCombine-Community */,
				2000E5B62F458DA70074C7C6 /* FirebaseCore */,
				2000E5B82F458DA70074C7C6 /* FirebaseCrashlytics */,
				2000E5BA2F458DA70074C7C6 /* FirebaseDatabase */,
				2000E5BC2F458DA70074C7C6 /* FirebaseFirestore */,
				2000E5BE2F458DA70074C7C6 /* FirebaseFirestoreCombine-Community */,
				2000E5C02F458DA70074C7C6 /* FirebaseFunctions */,
				2000E5C22F458DA70074C7C6 /* FirebaseFunctionsCombine-Community */,
				2000E5C42F458DA70074C7C6 /* FirebaseInAppMessaging-Beta */,
				2000E5C62F458DA70074C7C6 /* FirebaseInstallations */,
				2000E5C82F458DA70074C7C6 /* FirebaseMessaging */,
				2000E5CA2F458DA70074C7C6 /* FirebasePerformance */,
				2000E5CC2F458DA70074C7C6 /* FirebaseRemoteConfig */,
				2000E5CE2F458DA70074C7C6 /* FirebaseStorage */,
				2000E5D02F458DA70074C7C6 /* FirebaseStorageCombine-Community */,
				20B076BB2F56C73A009490B3 /* GoogleSignIn */,
				20B076BD2F56C73A009490B3 /* GoogleSignInSwift */,
				206B495D2F58083300698C0E /* CTNotificationService */,
				206B495F2F58083A00698C0E /* CTNotificationContent */,
			);
			productName = "Clevertap Sample App";
			productReference = 743077552DCB6C85006E96F0 /* Clevertap Sample App.app */;
			productType = "com.apple.product-type.application";
		};
/* End PBXNativeTarget section */

/* Begin PBXProject section */
		7430774D2DCB6C85006E96F0 /* Project object */ = {
			isa = PBXProject;
			attributes = {
				BuildIndependentTargetsInParallel = 1;
				LastSwiftUpdateCheck = 2630;
				LastUpgradeCheck = 1620;
				TargetAttributes = {
					206B493B2F5804D200698C0E = {
						CreatedOnToolsVersion = 26.3;
					};
					206B494B2F5804FE00698C0E = {
						CreatedOnToolsVersion = 26.3;
					};
					743077542DCB6C85006E96F0 = {
						CreatedOnToolsVersion = 16.2;
					};
				};
			};
			buildConfigurationList = 743077502DCB6C85006E96F0 /* Build configuration list for PBXProject "Clevertap Sample App" */;
			developmentRegion = en;
			hasScannedForEncodings = 0;
			knownRegions = (
				en,
				Base,
			);
			mainGroup = 7430774C2DCB6C85006E96F0;
			minimizedProjectReferenceProxies = 1;
			packageReferences = (
				2000E59E2F458D2D0074C7C6 /* XCRemoteSwiftPackageReference "clevertap-ios-sdk" */,
				2000E5A32F458DA70074C7C6 /* XCRemoteSwiftPackageReference "firebase-ios-sdk" */,
				2000E5D22F458DBC0074C7C6 /* XCRemoteSwiftPackageReference "CTNotificationService" */,
				30D5A1022F600001009490B3 /* XCRemoteSwiftPackageReference "CTNotificationContent" */,
				20B076BA2F56C73A009490B3 /* XCRemoteSwiftPackageReference "GoogleSignIn-iOS" */,
			);
			preferredProjectObjectVersion = 77;
			productRefGroup = 743077562DCB6C85006E96F0 /* Products */;
			projectDirPath = "";
			projectRoot = "";
			targets = (
				743077542DCB6C85006E96F0 /* Clevertap Sample App */,
				206B493B2F5804D200698C0E /* Clevertap NSE */,
				206B494B2F5804FE00698C0E /* Clevertap NCE */,
			);
		};
/* End PBXProject section */

/* Begin PBXResourcesBuildPhase section */
		206B493A2F5804D200698C0E /* Resources */ = {
			isa = PBXResourcesBuildPhase;
			buildActionMask = 2147483647;
			files = (
			);
			runOnlyForDeploymentPostprocessing = 0;
		};
		206B494A2F5804FE00698C0E /* Resources */ = {
			isa = PBXResourcesBuildPhase;
			buildActionMask = 2147483647;
			files = (
				206760412F59E49F00370802 /* README.md in Resources */,
			);
			runOnlyForDeploymentPostprocessing = 0;
		};
		743077532DCB6C85006E96F0 /* Resources */ = {
			isa = PBXResourcesBuildPhase;
			buildActionMask = 2147483647;
			files = (
			);
			runOnlyForDeploymentPostprocessing = 0;
		};
/* End PBXResourcesBuildPhase section */

/* Begin PBXSourcesBuildPhase section */
		206B49382F5804D200698C0E /* Sources */ = {
			isa = PBXSourcesBuildPhase;
			buildActionMask = 2147483647;
			files = (
			);
			runOnlyForDeploymentPostprocessing = 0;
		};
		206B49482F5804FE00698C0E /* Sources */ = {
			isa = PBXSourcesBuildPhase;
			buildActionMask = 2147483647;
			files = (
			);
			runOnlyForDeploymentPostprocessing = 0;
		};
		743077512DCB6C85006E96F0 /* Sources */ = {
			isa = PBXSourcesBuildPhase;
			buildActionMask = 2147483647;
			files = (
			);
			runOnlyForDeploymentPostprocessing = 0;
		};
/* End PBXSourcesBuildPhase section */

/* Begin PBXTargetDependency section */
		206B49422F5804D200698C0E /* PBXTargetDependency */ = {
			isa = PBXTargetDependency;
			target = 206B493B2F5804D200698C0E /* Clevertap NSE */;
			targetProxy = 206B49412F5804D200698C0E /* PBXContainerItemProxy */;
		};
		206B49572F5804FE00698C0E /* PBXTargetDependency */ = {
			isa = PBXTargetDependency;
			target = 206B494B2F5804FE00698C0E /* Clevertap NCE */;
			targetProxy = 206B49562F5804FE00698C0E /* PBXContainerItemProxy */;
		};
/* End PBXTargetDependency section */

/* Begin XCBuildConfiguration section */
		206B49462F5804D200698C0E /* Debug */ = {
			isa = XCBuildConfiguration;
			buildSettings = {
				CODE_SIGN_ENTITLEMENTS = "Clevertap NSE/Clevertap NSE.entitlements";
				CODE_SIGN_IDENTITY = "Apple Development";
				CODE_SIGN_STYLE = Automatic;
				CURRENT_PROJECT_VERSION = 1;
				DEVELOPMENT_TEAM = 7XM67G79YA;
				GENERATE_INFOPLIST_FILE = YES;
				INFOPLIST_FILE = "Clevertap NSE/Info.plist";
				INFOPLIST_KEY_CFBundleDisplayName = "Clevertap NSE";
				INFOPLIST_KEY_NSHumanReadableCopyright = "";
				IPHONEOS_DEPLOYMENT_TARGET = 26.2;
				LD_RUNPATH_SEARCH_PATHS = (
					"$(inherited)",
					"@executable_path/Frameworks",
					"@executable_path/../../Frameworks",
				);
				MARKETING_VERSION = 1.0;
				PRODUCT_BUNDLE_IDENTIFIER = "com.govind.Clevertap-Sample-App.Clevertap-NSE";
				PRODUCT_NAME = "$(TARGET_NAME)";
				SKIP_INSTALL = YES;
				STRING_CATALOG_GENERATE_SYMBOLS = YES;
				SWIFT_APPROACHABLE_CONCURRENCY = YES;
				SWIFT_EMIT_LOC_STRINGS = YES;
				SWIFT_UPCOMING_FEATURE_MEMBER_IMPORT_VISIBILITY = YES;
				SWIFT_VERSION = 5.0;
				TARGETED_DEVICE_FAMILY = "1,2";
			};
			name = Debug;
		};
		206B49472F5804D200698C0E /* Release */ = {
			isa = XCBuildConfiguration;
			buildSettings = {
				CODE_SIGN_ENTITLEMENTS = "Clevertap NSE/Clevertap NSE.entitlements";
				CODE_SIGN_IDENTITY = "Apple Development";
				CODE_SIGN_STYLE = Automatic;
				CURRENT_PROJECT_VERSION = 1;
				DEVELOPMENT_TEAM = 7XM67G79YA;
				GENERATE_INFOPLIST_FILE = YES;
				INFOPLIST_FILE = "Clevertap NSE/Info.plist";
				INFOPLIST_KEY_CFBundleDisplayName = "Clevertap NSE";
				INFOPLIST_KEY_NSHumanReadableCopyright = "";
				IPHONEOS_DEPLOYMENT_TARGET = 26.2;
				LD_RUNPATH_SEARCH_PATHS = (
					"$(inherited)",
					"@executable_path/Frameworks",
					"@executable_path/../../Frameworks",
				);
				MARKETING_VERSION = 1.0;
				PRODUCT_BUNDLE_IDENTIFIER = "com.govind.Clevertap-Sample-App.Clevertap-NSE";
				PRODUCT_NAME = "$(TARGET_NAME)";
				SKIP_INSTALL = YES;
				STRING_CATALOG_GENERATE_SYMBOLS = YES;
				SWIFT_APPROACHABLE_CONCURRENCY = YES;
				SWIFT_EMIT_LOC_STRINGS = YES;
				SWIFT_UPCOMING_FEATURE_MEMBER_IMPORT_VISIBILITY = YES;
				SWIFT_VERSION = 5.0;
				TARGETED_DEVICE_FAMILY = "1,2";
			};
			name = Release;
		};
		206B495B2F5804FE00698C0E /* Debug */ = {
			isa = XCBuildConfiguration;
			buildSettings = {
				CODE_SIGN_IDENTITY = "Apple Development";
				CODE_SIGN_STYLE = Automatic;
				CURRENT_PROJECT_VERSION = 1;
				DEVELOPMENT_TEAM = 7XM67G79YA;
				GENERATE_INFOPLIST_FILE = YES;
				INFOPLIST_FILE = "Clevertap NCE/Info.plist";
				INFOPLIST_KEY_CFBundleDisplayName = "Clevertap NCE";
				INFOPLIST_KEY_NSHumanReadableCopyright = "";
				IPHONEOS_DEPLOYMENT_TARGET = 26.2;
				LD_RUNPATH_SEARCH_PATHS = (
					"$(inherited)",
					"@executable_path/Frameworks",
					"@executable_path/../../Frameworks",
				);
				MARKETING_VERSION = 1.0;
				PRODUCT_BUNDLE_IDENTIFIER = "com.govind.Clevertap-Sample-App.Clevertap-NCE";
				PRODUCT_NAME = "$(TARGET_NAME)";
				SKIP_INSTALL = YES;
				STRING_CATALOG_GENERATE_SYMBOLS = YES;
				SWIFT_APPROACHABLE_CONCURRENCY = YES;
				SWIFT_EMIT_LOC_STRINGS = YES;
				SWIFT_UPCOMING_FEATURE_MEMBER_IMPORT_VISIBILITY = YES;
				SWIFT_VERSION = 5.0;
				TARGETED_DEVICE_FAMILY = "1,2";
			};
			name = Debug;
		};
		206B495C2F5804FE00698C0E /* Release */ = {
			isa = XCBuildConfiguration;
			buildSettings = {
				CODE_SIGN_IDENTITY = "Apple Development";
				CODE_SIGN_STYLE = Automatic;
				CURRENT_PROJECT_VERSION = 1;
				DEVELOPMENT_TEAM = 7XM67G79YA;
				GENERATE_INFOPLIST_FILE = YES;
				INFOPLIST_FILE = "Clevertap NCE/Info.plist";
				INFOPLIST_KEY_CFBundleDisplayName = "Clevertap NCE";
				INFOPLIST_KEY_NSHumanReadableCopyright = "";
				IPHONEOS_DEPLOYMENT_TARGET = 26.2;
				LD_RUNPATH_SEARCH_PATHS = (
					"$(inherited)",
					"@executable_path/Frameworks",
					"@executable_path/../../Frameworks",
				);
				MARKETING_VERSION = 1.0;
				PRODUCT_BUNDLE_IDENTIFIER = "com.govind.Clevertap-Sample-App.Clevertap-NCE";
				PRODUCT_NAME = "$(TARGET_NAME)";
				SKIP_INSTALL = YES;
				STRING_CATALOG_GENERATE_SYMBOLS = YES;
				SWIFT_APPROACHABLE_CONCURRENCY = YES;
				SWIFT_EMIT_LOC_STRINGS = YES;
				SWIFT_UPCOMING_FEATURE_MEMBER_IMPORT_VISIBILITY = YES;
				SWIFT_VERSION = 5.0;
				TARGETED_DEVICE_FAMILY = "1,2";
			};
			name = Release;
		};
		743077612DCB6C88006E96F0 /* Debug */ = {
			isa = XCBuildConfiguration;
			buildSettings = {
				ALWAYS_SEARCH_USER_PATHS = NO;
				ASSETCATALOG_COMPILER_GENERATE_SWIFT_ASSET_SYMBOL_EXTENSIONS = YES;
				CLANG_ANALYZER_NONNULL = YES;
				CLANG_ANALYZER_NUMBER_OBJECT_CONVERSION = YES_AGGRESSIVE;
				CLANG_CXX_LANGUAGE_STANDARD = "gnu++20";
				CLANG_ENABLE_MODULES = YES;
				CLANG_ENABLE_OBJC_ARC = YES;
				CLANG_ENABLE_OBJC_WEAK = YES;
				CLANG_WARN_BLOCK_CAPTURE_AUTORELEASING = YES;
				CLANG_WARN_BOOL_CONVERSION = YES;
				CLANG_WARN_COMMA = YES;
				CLANG_WARN_CONSTANT_CONVERSION = YES;
				CLANG_WARN_DEPRECATED_OBJC_IMPLEMENTATIONS = YES;
				CLANG_WARN_DIRECT_OBJC_ISA_USAGE = YES_ERROR;
				CLANG_WARN_DOCUMENTATION_COMMENTS = YES;
				CLANG_WARN_EMPTY_BODY = YES;
				CLANG_WARN_ENUM_CONVERSION = YES;
				CLANG_WARN_INFINITE_RECURSION = YES;
				CLANG_WARN_INT_CONVERSION = YES;
				CLANG_WARN_NON_LITERAL_NULL_CONVERSION = YES;
				CLANG_WARN_OBJC_IMPLICIT_RETAIN_SELF = YES;
				CLANG_WARN_OBJC_LITERAL_CONVERSION = YES;
				CLANG_WARN_OBJC_ROOT_CLASS = YES_ERROR;
				CLANG_WARN_QUOTED_INCLUDE_IN_FRAMEWORK_HEADER = YES;
				CLANG_WARN_RANGE_LOOP_ANALYSIS = YES;
				CLANG_WARN_STRICT_PROTOTYPES = YES;
				CLANG_WARN_SUSPICIOUS_MOVE = YES;
				CLANG_WARN_UNGUARDED_AVAILABILITY = YES_AGGRESSIVE;
				CLANG_WARN_UNREACHABLE_CODE = YES;
				CLANG_WARN__DUPLICATE_METHOD_MATCH = YES;
				COPY_PHASE_STRIP = NO;
				DEBUG_INFORMATION_FORMAT = dwarf;
				ENABLE_STRICT_OBJC_MSGSEND = YES;
				ENABLE_TESTABILITY = YES;
				ENABLE_USER_SCRIPT_SANDBOXING = YES;
				GCC_C_LANGUAGE_STANDARD = gnu17;
				GCC_DYNAMIC_NO_PIC = NO;
				GCC_NO_COMMON_BLOCKS = YES;
				GCC_OPTIMIZATION_LEVEL = 0;
				GCC_PREPROCESSOR_DEFINITIONS = (
					"DEBUG=1",
					"$(inherited)",
				);
				GCC_WARN_64_TO_32_BIT_CONVERSION = YES;
				GCC_WARN_ABOUT_RETURN_TYPE = YES_ERROR;
				GCC_WARN_UNDECLARED_SELECTOR = YES;
				GCC_WARN_UNINITIALIZED_AUTOS = YES_AGGRESSIVE;
				GCC_WARN_UNUSED_FUNCTION = YES;
				GCC_WARN_UNUSED_VARIABLE = YES;
				IPHONEOS_DEPLOYMENT_TARGET = 18.2;
				LOCALIZATION_PREFERS_STRING_CATALOGS = YES;
				MTL_ENABLE_DEBUG_INFO = INCLUDE_SOURCE;
				MTL_FAST_MATH = YES;
				ONLY_ACTIVE_ARCH = YES;
				SDKROOT = iphoneos;
				SWIFT_ACTIVE_COMPILATION_CONDITIONS = "DEBUG $(inherited)";
				SWIFT_OPTIMIZATION_LEVEL = "-Onone";
			};
			name = Debug;
		};
		743077622DCB6C88006E96F0 /* Release */ = {
			isa = XCBuildConfiguration;
			buildSettings = {
				ALWAYS_SEARCH_USER_PATHS = NO;
				ASSETCATALOG_COMPILER_GENERATE_SWIFT_ASSET_SYMBOL_EXTENSIONS = YES;
				CLANG_ANALYZER_NONNULL = YES;
				CLANG_ANALYZER_NUMBER_OBJECT_CONVERSION = YES_AGGRESSIVE;
				CLANG_CXX_LANGUAGE_STANDARD = "gnu++20";
				CLANG_ENABLE_MODULES = YES;
				CLANG_ENABLE_OBJC_ARC = YES;
				CLANG_ENABLE_OBJC_WEAK = YES;
				CLANG_WARN_BLOCK_CAPTURE_AUTORELEASING = YES;
				CLANG_WARN_BOOL_CONVERSION = YES;
				CLANG_WARN_COMMA = YES;
				CLANG_WARN_CONSTANT_CONVERSION = YES;
				CLANG_WARN_DEPRECATED_OBJC_IMPLEMENTATIONS = YES;
				CLANG_WARN_DIRECT_OBJC_ISA_USAGE = YES_ERROR;
				CLANG_WARN_DOCUMENTATION_COMMENTS = YES;
				CLANG_WARN_EMPTY_BODY = YES;
				CLANG_WARN_ENUM_CONVERSION = YES;
				CLANG_WARN_INFINITE_RECURSION = YES;
				CLANG_WARN_INT_CONVERSION = YES;
				CLANG_WARN_NON_LITERAL_NULL_CONVERSION = YES;
				CLANG_WARN_OBJC_IMPLICIT_RETAIN_SELF = YES;
				CLANG_WARN_OBJC_LITERAL_CONVERSION = YES;
				CLANG_WARN_OBJC_ROOT_CLASS = YES_ERROR;
				CLANG_WARN_QUOTED_INCLUDE_IN_FRAMEWORK_HEADER = YES;
				CLANG_WARN_RANGE_LOOP_ANALYSIS = YES;
				CLANG_WARN_STRICT_PROTOTYPES = YES;
				CLANG_WARN_SUSPICIOUS_MOVE = YES;
				CLANG_WARN_UNGUARDED_AVAILABILITY = YES_AGGRESSIVE;
				CLANG_WARN_UNREACHABLE_CODE = YES;
				CLANG_WARN__DUPLICATE_METHOD_MATCH = YES;
				COPY_PHASE_STRIP = NO;
				DEBUG_INFORMATION_FORMAT = "dwarf-with-dsym";
				ENABLE_NS_ASSERTIONS = NO;
				ENABLE_STRICT_OBJC_MSGSEND = YES;
				ENABLE_USER_SCRIPT_SANDBOXING = YES;
				GCC_C_LANGUAGE_STANDARD = gnu17;
				GCC_NO_COMMON_BLOCKS = YES;
				GCC_WARN_64_TO_32_BIT_CONVERSION = YES;
				GCC_WARN_ABOUT_RETURN_TYPE = YES_ERROR;
				GCC_WARN_UNDECLARED_SELECTOR = YES;
				GCC_WARN_UNINITIALIZED_AUTOS = YES_AGGRESSIVE;
				GCC_WARN_UNUSED_FUNCTION = YES;
				GCC_WARN_UNUSED_VARIABLE = YES;
				IPHONEOS_DEPLOYMENT_TARGET = 18.2;
				LOCALIZATION_PREFERS_STRING_CATALOGS = YES;
				MTL_ENABLE_DEBUG_INFO = NO;
				MTL_FAST_MATH = YES;
				SDKROOT = iphoneos;
				SWIFT_COMPILATION_MODE = wholemodule;
				VALIDATE_PRODUCT = YES;
			};
			name = Release;
		};
		743077642DCB6C88006E96F0 /* Debug */ = {
			isa = XCBuildConfiguration;
			buildSettings = {
				ASSETCATALOG_COMPILER_APPICON_NAME = AppIcon;
				ASSETCATALOG_COMPILER_GLOBAL_ACCENT_COLOR_NAME = AccentColor;
				CODE_SIGN_ENTITLEMENTS = "Clevertap Sample App/Clevertap Sample App.entitlements";
				CODE_SIGN_IDENTITY = "Apple Development";
				CODE_SIGN_STYLE = Automatic;
				CURRENT_PROJECT_VERSION = 2;
				DEVELOPMENT_ASSET_PATHS = "\"Clevertap Sample App/Preview Content\"";
				DEVELOPMENT_TEAM = 7XM67G79YA;
				ENABLE_PREVIEWS = YES;
				GENERATE_INFOPLIST_FILE = YES;
				INFOPLIST_FILE = "Clevertap-Sample-App-Info.plist";
				INFOPLIST_KEY_UIApplicationSceneManifest_Generation = YES;
				INFOPLIST_KEY_UIApplicationSupportsIndirectInputEvents = YES;
				INFOPLIST_KEY_UILaunchScreen_Generation = YES;
				INFOPLIST_KEY_UISupportedInterfaceOrientations_iPad = "UIInterfaceOrientationPortrait UIInterfaceOrientationPortraitUpsideDown UIInterfaceOrientationLandscapeLeft UIInterfaceOrientationLandscapeRight";
				INFOPLIST_KEY_UISupportedInterfaceOrientations_iPhone = "UIInterfaceOrientationPortrait UIInterfaceOrientationLandscapeLeft UIInterfaceOrientationLandscapeRight";
				LD_RUNPATH_SEARCH_PATHS = (
					"$(inherited)",
					"@executable_path/Frameworks",
				);
				MARKETING_VERSION = 2.0;
				PRODUCT_BUNDLE_IDENTIFIER = "com.govind.Clevertap-Sample-App";
				PRODUCT_NAME = "$(TARGET_NAME)";
				PROVISIONING_PROFILE_SPECIFIER = "";
				SWIFT_EMIT_LOC_STRINGS = YES;
				SWIFT_VERSION = 5.0;
				TARGETED_DEVICE_FAMILY = "1,2";
			};
			name = Debug;
		};
		743077652DCB6C88006E96F0 /* Release */ = {
			isa = XCBuildConfiguration;
			buildSettings = {
				ASSETCATALOG_COMPILER_APPICON_NAME = AppIcon;
				ASSETCATALOG_COMPILER_GLOBAL_ACCENT_COLOR_NAME = AccentColor;
				CODE_SIGN_ENTITLEMENTS = "Clevertap Sample App/Clevertap Sample App.entitlements";
				CODE_SIGN_IDENTITY = "Apple Development";
				CODE_SIGN_STYLE = Automatic;
				CURRENT_PROJECT_VERSION = 2;
				DEVELOPMENT_ASSET_PATHS = "\"Clevertap Sample App/Preview Content\"";
				DEVELOPMENT_TEAM = 7XM67G79YA;
				ENABLE_PREVIEWS = YES;
				GENERATE_INFOPLIST_FILE = YES;
				INFOPLIST_FILE = "Clevertap-Sample-App-Info.plist";
				INFOPLIST_KEY_UIApplicationSceneManifest_Generation = YES;
				INFOPLIST_KEY_UIApplicationSupportsIndirectInputEvents = YES;
				INFOPLIST_KEY_UILaunchScreen_Generation = YES;
				INFOPLIST_KEY_UISupportedInterfaceOrientations_iPad = "UIInterfaceOrientationPortrait UIInterfaceOrientationPortraitUpsideDown UIInterfaceOrientationLandscapeLeft UIInterfaceOrientationLandscapeRight";
				INFOPLIST_KEY_UISupportedInterfaceOrientations_iPhone = "UIInterfaceOrientationPortrait UIInterfaceOrientationLandscapeLeft UIInterfaceOrientationLandscapeRight";
				LD_RUNPATH_SEARCH_PATHS = (
					"$(inherited)",
					"@executable_path/Frameworks",
				);
				MARKETING_VERSION = 2.0;
				PRODUCT_BUNDLE_IDENTIFIER = "com.govind.Clevertap-Sample-App";
				PRODUCT_NAME = "$(TARGET_NAME)";
				PROVISIONING_PROFILE_SPECIFIER = "";
				SWIFT_EMIT_LOC_STRINGS = YES;
				SWIFT_VERSION = 5.0;
				TARGETED_DEVICE_FAMILY = "1,2";
			};
			name = Release;
		};
/* End XCBuildConfiguration section */

/* Begin XCConfigurationList section */
		206B49452F5804D200698C0E /* Build configuration list for PBXNativeTarget "Clevertap NSE" */ = {
			isa = XCConfigurationList;
			buildConfigurations = (
				206B49462F5804D200698C0E /* Debug */,
				206B49472F5804D200698C0E /* Release */,
			);
			defaultConfigurationIsVisible = 0;
			defaultConfigurationName = Release;
		};
		206B495A2F5804FE00698C0E /* Build configuration list for PBXNativeTarget "Clevertap NCE" */ = {
			isa = XCConfigurationList;
			buildConfigurations = (
				206B495B2F5804FE00698C0E /* Debug */,
				206B495C2F5804FE00698C0E /* Release */,
			);
			defaultConfigurationIsVisible = 0;
			defaultConfigurationName = Release;
		};
		743077502DCB6C85006E96F0 /* Build configuration list for PBXProject "Clevertap Sample App" */ = {
			isa = XCConfigurationList;
			buildConfigurations = (
				743077612DCB6C88006E96F0 /* Debug */,
				743077622DCB6C88006E96F0 /* Release */,
			);
			defaultConfigurationIsVisible = 0;
			defaultConfigurationName = Release;
		};
		743077632DCB6C88006E96F0 /* Build configuration list for PBXNativeTarget "Clevertap Sample App" */ = {
			isa = XCConfigurationList;
			buildConfigurations = (
				743077642DCB6C88006E96F0 /* Debug */,
				743077652DCB6C88006E96F0 /* Release */,
			);
			defaultConfigurationIsVisible = 0;
			defaultConfigurationName = Release;
		};
/* End XCConfigurationList section */

/* Begin XCRemoteSwiftPackageReference section */
		2000E59E2F458D2D0074C7C6 /* XCRemoteSwiftPackageReference "clevertap-ios-sdk" */ = {
			isa = XCRemoteSwiftPackageReference;
			repositoryURL = "https://github.com/CleverTap/clevertap-ios-sdk";
			requirement = {
				kind = upToNextMajorVersion;
				minimumVersion = 7.5.1;
			};
		};
		2000E5A32F458DA70074C7C6 /* XCRemoteSwiftPackageReference "firebase-ios-sdk" */ = {
			isa = XCRemoteSwiftPackageReference;
			repositoryURL = "https://github.com/firebase/firebase-ios-sdk";
			requirement = {
				kind = upToNextMajorVersion;
				minimumVersion = 12.9.0;
			};
		};
		2000E5D22F458DBC0074C7C6 /* XCRemoteSwiftPackageReference "CTNotificationService" */ = {
			isa = XCRemoteSwiftPackageReference;
			repositoryURL = "https://github.com/CleverTap/CTNotificationService.git";
			requirement = {
				kind = upToNextMajorVersion;
				minimumVersion = 0.1.7;
			};
		};
		20B076BA2F56C73A009490B3 /* XCRemoteSwiftPackageReference "GoogleSignIn-iOS" */ = {
			isa = XCRemoteSwiftPackageReference;
			repositoryURL = "https://github.com/google/GoogleSignIn-iOS";
			requirement = {
				kind = upToNextMajorVersion;
				minimumVersion = 9.1.0;
			};
		};
		30D5A1022F600001009490B3 /* XCRemoteSwiftPackageReference "CTNotificationContent" */ = {
			isa = XCRemoteSwiftPackageReference;
			repositoryURL = "https://github.com/CleverTap/CTNotificationContent.git";
			requirement = {
				kind = upToNextMajorVersion;
				minimumVersion = 0.1.0;
			};
		};
/* End XCRemoteSwiftPackageReference section */

/* Begin XCSwiftPackageProductDependency section */
		2000E59F2F458D2D0074C7C6 /* CleverTapLocation */ = {
			isa = XCSwiftPackageProductDependency;
			package = 2000E59E2F458D2D0074C7C6 /* XCRemoteSwiftPackageReference "clevertap-ios-sdk" */;
			productName = CleverTapLocation;
		};
		2000E5A12F458D2D0074C7C6 /* CleverTapSDK */ = {
			isa = XCSwiftPackageProductDependency;
			package = 2000E59E2F458D2D0074C7C6 /* XCRemoteSwiftPackageReference "clevertap-ios-sdk" */;
			productName = CleverTapSDK;
		};
		2000E5A42F458DA70074C7C6 /* FirebaseAI */ = {
			isa = XCSwiftPackageProductDependency;
			package = 2000E5A32F458DA70074C7C6 /* XCRemoteSwiftPackageReference "firebase-ios-sdk" */;
			productName = FirebaseAI;
		};
		2000E5A62F458DA70074C7C6 /* FirebaseAILogic */ = {
			isa = XCSwiftPackageProductDependency;
			package = 2000E5A32F458DA70074C7C6 /* XCRemoteSwiftPackageReference "firebase-ios-sdk" */;
			productName = FirebaseAILogic;
		};
		2000E5A82F458DA70074C7C6 /* FirebaseAnalytics */ = {
			isa = XCSwiftPackageProductDependency;
			package = 2000E5A32F458DA70074C7C6 /* XCRemoteSwiftPackageReference "firebase-ios-sdk" */;
			productName = FirebaseAnalytics;
		};
		2000E5AA2F458DA70074C7C6 /* FirebaseAnalyticsCore */ = {
			isa = XCSwiftPackageProductDependency;
			package = 2000E5A32F458DA70074C7C6 /* XCRemoteSwiftPackageReference "firebase-ios-sdk" */;
			productName = FirebaseAnalyticsCore;
		};
		2000E5AC2F458DA70074C7C6 /* FirebaseAnalyticsIdentitySupport */ = {
			isa = XCSwiftPackageProductDependency;
			package = 2000E5A32F458DA70074C7C6 /* XCRemoteSwiftPackageReference "firebase-ios-sdk" */;
			productName = FirebaseAnalyticsIdentitySupport;
		};
		2000E5AE2F458DA70074C7C6 /* FirebaseAppCheck */ = {
			isa = XCSwiftPackageProductDependency;
			package = 2000E5A32F458DA70074C7C6 /* XCRemoteSwiftPackageReference "firebase-ios-sdk" */;
			productName = FirebaseAppCheck;
		};
		2000E5B02F458DA70074C7C6 /* FirebaseAppDistribution-Beta */ = {
			isa = XCSwiftPackageProductDependency;
			package = 2000E5A32F458DA70074C7C6 /* XCRemoteSwiftPackageReference "firebase-ios-sdk" */;
			productName = "FirebaseAppDistribution-Beta";
		};
		2000E5B22F458DA70074C7C6 /* FirebaseAuth */ = {
			isa = XCSwiftPackageProductDependency;
			package = 2000E5A32F458DA70074C7C6 /* XCRemoteSwiftPackageReference "firebase-ios-sdk" */;
			productName = FirebaseAuth;
		};
		2000E5B42F458DA70074C7C6 /* FirebaseAuthCombine-Community */ = {
			isa = XCSwiftPackageProductDependency;
			package = 2000E5A32F458DA70074C7C6 /* XCRemoteSwiftPackageReference "firebase-ios-sdk" */;
			productName = "FirebaseAuthCombine-Community";
		};
		2000E5B62F458DA70074C7C6 /* FirebaseCore */ = {
			isa = XCSwiftPackageProductDependency;
			package = 2000E5A32F458DA70074C7C6 /* XCRemoteSwiftPackageReference "firebase-ios-sdk" */;
			productName = FirebaseCore;
		};
		2000E5B82F458DA70074C7C6 /* FirebaseCrashlytics */ = {
			isa = XCSwiftPackageProductDependency;
			package = 2000E5A32F458DA70074C7C6 /* XCRemoteSwiftPackageReference "firebase-ios-sdk" */;
			productName = FirebaseCrashlytics;
		};
		2000E5BA2F458DA70074C7C6 /* FirebaseDatabase */ = {
			isa = XCSwiftPackageProductDependency;
			package = 2000E5A32F458DA70074C7C6 /* XCRemoteSwiftPackageReference "firebase-ios-sdk" */;
			productName = FirebaseDatabase;
		};
		2000E5BC2F458DA70074C7C6 /* FirebaseFirestore */ = {
			isa = XCSwiftPackageProductDependency;
			package = 2000E5A32F458DA70074C7C6 /* XCRemoteSwiftPackageReference "firebase-ios-sdk" */;
			productName = FirebaseFirestore;
		};
		2000E5BE2F458DA70074C7C6 /* FirebaseFirestoreCombine-Community */ = {
			isa = XCSwiftPackageProductDependency;
			package = 2000E5A32F458DA70074C7C6 /* XCRemoteSwiftPackageReference "firebase-ios-sdk" */;
			productName = "FirebaseFirestoreCombine-Community";
		};
		2000E5C02F458DA70074C7C6 /* FirebaseFunctions */ = {
			isa = XCSwiftPackageProductDependency;
			package = 2000E5A32F458DA70074C7C6 /* XCRemoteSwiftPackageReference "firebase-ios-sdk" */;
			productName = FirebaseFunctions;
		};
		2000E5C22F458DA70074C7C6 /* FirebaseFunctionsCombine-Community */ = {
			isa = XCSwiftPackageProductDependency;
			package = 2000E5A32F458DA70074C7C6 /* XCRemoteSwiftPackageReference "firebase-ios-sdk" */;
			productName = "FirebaseFunctionsCombine-Community";
		};
		2000E5C42F458DA70074C7C6 /* FirebaseInAppMessaging-Beta */ = {
			isa = XCSwiftPackageProductDependency;
			package = 2000E5A32F458DA70074C7C6 /* XCRemoteSwiftPackageReference "firebase-ios-sdk" */;
			productName = "FirebaseInAppMessaging-Beta";
		};
		2000E5C62F458DA70074C7C6 /* FirebaseInstallations */ = {
			isa = XCSwiftPackageProductDependency;
			package = 2000E5A32F458DA70074C7C6 /* XCRemoteSwiftPackageReference "firebase-ios-sdk" */;
			productName = FirebaseInstallations;
		};
		2000E5C82F458DA70074C7C6 /* FirebaseMessaging */ = {
			isa = XCSwiftPackageProductDependency;
			package = 2000E5A32F458DA70074C7C6 /* XCRemoteSwiftPackageReference "firebase-ios-sdk" */;
			productName = FirebaseMessaging;
		};
		2000E5CA2F458DA70074C7C6 /* FirebasePerformance */ = {
			isa = XCSwiftPackageProductDependency;
			package = 2000E5A32F458DA70074C7C6 /* XCRemoteSwiftPackageReference "firebase-ios-sdk" */;
			productName = FirebasePerformance;
		};
		2000E5CC2F458DA70074C7C6 /* FirebaseRemoteConfig */ = {
			isa = XCSwiftPackageProductDependency;
			package = 2000E5A32F458DA70074C7C6 /* XCRemoteSwiftPackageReference "firebase-ios-sdk" */;
			productName = FirebaseRemoteConfig;
		};
		2000E5CE2F458DA70074C7C6 /* FirebaseStorage */ = {
			isa = XCSwiftPackageProductDependency;
			package = 2000E5A32F458DA70074C7C6 /* XCRemoteSwiftPackageReference "firebase-ios-sdk" */;
			productName = FirebaseStorage;
		};
		2000E5D02F458DA70074C7C6 /* FirebaseStorageCombine-Community */ = {
			isa = XCSwiftPackageProductDependency;
			package = 2000E5A32F458DA70074C7C6 /* XCRemoteSwiftPackageReference "firebase-ios-sdk" */;
			productName = "FirebaseStorageCombine-Community";
		};
		2006C49D2F5818B700F0C7E9 /* CleverTapSDK */ = {
			isa = XCSwiftPackageProductDependency;
			package = 2000E59E2F458D2D0074C7C6 /* XCRemoteSwiftPackageReference "clevertap-ios-sdk" */;
			productName = CleverTapSDK;
		};
		206B495D2F58083300698C0E /* CTNotificationService */ = {
			isa = XCSwiftPackageProductDependency;
			package = 2000E5D22F458DBC0074C7C6 /* XCRemoteSwiftPackageReference "CTNotificationService" */;
			productName = CTNotificationService;
		};
		206B495F2F58083A00698C0E /* CTNotificationContent */ = {
			isa = XCSwiftPackageProductDependency;
			package = 30D5A1022F600001009490B3 /* XCRemoteSwiftPackageReference "CTNotificationContent" */;
			productName = CTNotificationContent;
		};
		206B49612F58091100698C0E /* CTNotificationService */ = {
			isa = XCSwiftPackageProductDependency;
			package = 2000E5D22F458DBC0074C7C6 /* XCRemoteSwiftPackageReference "CTNotificationService" */;
			productName = CTNotificationService;
		};
		206B49632F58091D00698C0E /* CTNotificationContent */ = {
			isa = XCSwiftPackageProductDependency;
			package = 30D5A1022F600001009490B3 /* XCRemoteSwiftPackageReference "CTNotificationContent" */;
			productName = CTNotificationContent;
		};
		20B076BB2F56C73A009490B3 /* GoogleSignIn */ = {
			isa = XCSwiftPackageProductDependency;
			package = 20B076BA2F56C73A009490B3 /* XCRemoteSwiftPackageReference "GoogleSignIn-iOS" */;
			productName = GoogleSignIn;
		};
		20B076BD2F56C73A009490B3 /* GoogleSignInSwift */ = {
			isa = XCSwiftPackageProductDependency;
			package = 20B076BA2F56C73A009490B3 /* XCRemoteSwiftPackageReference "GoogleSignIn-iOS" */;
			productName = GoogleSignInSwift;
		};
/* End XCSwiftPackageProductDependency section */
	};
	rootObject = 7430774D2DCB6C85006E96F0 /* Project object */;
}
